{
    "_readme": [
        "This file locks the dependencies of your project to a known state",
        "Read more about it at https://getcomposer.org/doc/01-basic-usage.md#composer-lock-the-lock-file",
        "This file is @generated automatically"
    ],
    "content-hash": "3fd90364706a17559a80f0b7c0176577",
    "packages": [
        {
            "name": "clue/socket-raw",
            "version": "v1.2.0",
            "source": {
                "type": "git",
                "url": "https://github.com/clue/php-socket-raw.git",
                "reference": "8a10282bcb1e45e076a8a8285237681380e55ea5"
            },
            "dist": {
                "type": "zip",
                "url": "https://api.github.com/repos/clue/php-socket-raw/zipball/8a10282bcb1e45e076a8a8285237681380e55ea5",
                "reference": "8a10282bcb1e45e076a8a8285237681380e55ea5",
                "shasum": ""
            },
            "require": {
                "ext-sockets": "*",
                "php": ">=5.3"
            },
            "type": "library",
            "autoload": {
                "psr-4": {
                    "Socket\\Raw\\": "src"
                }
            },
            "notification-url": "https://packagist.org/downloads/",
            "license": [
                "MIT"
            ],
            "authors": [
                {
                    "name": "Christian Lück",
                    "email": "christian@lueck.tv"
                }
            ],
            "description": "Simple and lightweight OOP wrapper for PHP's low level sockets extension (ext-sockets)",
            "homepage": "https://github.com/clue/php-socket-raw",
            "keywords": [
                "Socket",
                "client",
                "datagram",
                "dgram",
                "icmp",
                "ipv6",
                "server",
                "stream",
                "tcp",
                "udg",
                "udp",
                "unix"
            ],
            "time": "2015-03-18T23:48:01+00:00"
        },
        {
            "name": "graze/telnet-client",
            "version": "dev-master",
            "source": {
                "type": "git",
                "url": "https://github.com/graze/telnet-client.git",
                "reference": "775bc964da558a600ec34260d985a1ac09bde8d5"
            },
            "dist": {
                "type": "zip",
                "url": "https://api.github.com/repos/graze/telnet-client/zipball/775bc964da558a600ec34260d985a1ac09bde8d5",
                "reference": "775bc964da558a600ec34260d985a1ac09bde8d5",
                "shasum": ""
            },
            "require": {
                "clue/socket-raw": "^1.2",
                "php": ">5.5.0"
            },
            "require-dev": {
                "mockery/mockery": "^0.9.4",
                "phpunit/phpunit": "4.*",
                "symfony/var-dumper": "^3.0"
            },
            "type": "library",
            "autoload": {
                "psr-4": {
                    "Graze\\TelnetClient\\": "src/"
                }
            },
            "notification-url": "https://packagist.org/downloads/",
            "license": [
                "MIT"
            ],
            "authors": [
                {
                    "name": "Dalibor Andzakovic",
                    "email": "dali@swerve.co.nz"
                },
                {
                    "name": "Marc Ennaji"
                },
                {
                    "name": "Matthias Blaser",
                    "email": "mb@adfinis.ch"
                },
                {
                    "name": "Christian Hammers",
                    "email": "chammers@netcologne.de"
                },
                {
                    "name": "Bestnetwork",
                    "email": "reparto.sviluppo@bestnetwork.it"
                },
                {
                    "name": "Graze Developers",
                    "email": "developers@graze.com",
                    "homepage": "http://www.graze.com",
                    "role": "Development Team"
                },
                {
                    "name": "John Smith",
                    "email": "john@graze.com",
                    "role": "Developer"
                }
            ],
            "description": "Telnet client written in PHP",
            "homepage": "https://github.com/graze/telnet-client",
            "keywords": [
                "client",
                "graze",
                "php",
                "telnet",
                "telnet-client"
            ],
            "time": "2016-09-20 10:01:29"
        }
    ],
    "packages-dev": [],
    "aliases": [],
    "minimum-stability": "dev",
    "stability-flags": [],
    "prefer-stable": false,
    "prefer-lowest": false,
    "platform": [],
    "platform-dev": []
}
